
Microsoft Visual Studio Solution File, Format Version 12.00
# Visual Studio Version 16
VisualStudioVersion = 16.0.33214.272
MinimumVisualStudioVersion = 10.0.40219.1
Project("{FAE04EC0-301F-11D3-BF4B-00C04F79EFBC}") = "Formulario", "Formulario.csproj", "{1C366ABE-E5B8-4F02-B398-C856167F788D}"
EndProject
Project("{FAE04EC0-301F-11D3-BF4B-00C04F79EFBC}") = "componentes-visuais", "..\componentes-visuais\componentes-visuais.csproj", "{D6442CF0-01E4-4F50-99F6-DD7BF3867B36}"
EndProject
Global
	GlobalSection(SolutionConfigurationPlatforms) = preSolution
		Debug|Any CPU = Debug|Any CPU
		Release|Any CPU = Release|Any CPU
	EndGlobalSection
	GlobalSection(ProjectConfigurationPlatforms) = postSolution
		{1C366ABE-E5B8-4F02-B398-C856167F788D}.Debug|Any CPU.ActiveCfg = Debug|Any CPU
		{1C366ABE-E5B8-4F02-B398-C856167F788D}.Debug|Any CPU.Build.0 = Debug|Any CPU
		{1C366ABE-E5B8-4F02-B398-C856167F788D}.Release|Any CPU.ActiveCfg = Release|Any CPU
		{1C366ABE-E5B8-4F02-B398-C856167F788D}.Release|Any CPU.Build.0 = Release|Any CPU
		{D6442CF0-01E4-4F50-99F6-DD7BF3867B36}.Debug|Any CPU.ActiveCfg = Debug|Any CPU
		{D6442CF0-01E4-4F50-99F6-DD7BF3867B36}.Debug|Any CPU.Build.0 = Debug|Any CPU
		{D6442CF0-01E4-4F50-99F6-DD7BF3867B36}.Release|Any CPU.ActiveCfg = Release|Any CPU
		{D6442CF0-01E4-4F50-99F6-DD7BF3867B36}.Release|Any CPU.Build.0 = Release|Any CPU
	EndGlobalSection
	GlobalSection(SolutionProperties) = preSolution
		HideSolutionNode = FALSE
	EndGlobalSection
	GlobalSection(ExtensibilityGlobals) = postSolution
		SolutionGuid = {F6372D75-0453-40C2-BA04-19E4E492678F}
	EndGlobalSection
EndGlobal
